{
  "name": "my-app",
  "version": "0.1.0",
  "lockfileVersion": 1,
  "requires": true,
  "dependencies": {
    "classnames": {
      "version": "2.2.5",
      "resolved": "https://registry.npmjs.org/classnames/-/classnames-2.2.5.tgz",
      "integrity": "sha1-+zgB1FNGdknvNgPH1hoCvRKb3m0="
    },
    "lodash": {
      "version": "4.17.4",
      "resolved": "https://registry.npmjs.org/lodash/-/lodash-4.17.4.tgz",
      "integrity": "sha1-eCA6TRwyiuHYbcpkYONptX9AVa4="
    },
    "statefulbutton": {
      "version": "0.0.1",
      "resolved": "https://registry.npmjs.org/statefulbutton/-/statefulbutton-0.0.1.tgz",
      "integrity": "sha512-DhrZ2mjV3d4hBhrr+LbykeS+399FvrKj3IrtCkzrgw2pqRhpu1UOP44O9pgDOh5P0DeRvpx9XBiOoX7SrIJuaA==",
      "requires": {
        "classnames": "2.2.5"
      }
    },
    "statelessbutton": {
      "version": "0.0.1",
      "resolved": "https://registry.npmjs.org/statelessbutton/-/statelessbutton-0.0.1.tgz",
      "integrity": "sha512-U/DSFyIhCZkjM9jNuomFENoAI44ejSGfVbvYGCdjPzkCH7QAxxuxGgwgl5HOEBQcNHw9VlAOos4a/ziTzsn/QQ==",
      "requires": {
        "lodash": "4.17.4"
      }
    }
  }
}
